uuid: 2b1925ba-455e-4a62-bbe4-b64c460c7c15
langcode: ru
status: false
dependencies:
  module:
    - block_login_social
  theme:
    - druda_zurb
id: loginsocialblock
theme: druda_zurb
region: content_bottom
weight: 0
provider: null
plugin: block_login_social
settings:
  id: block_login_social
  label: 'Login Social block'
  provider: block_login_social
  label_display: visible
visibility: {  }
